
Microsoft Visual Studio Solution File, Format Version 12.00
# Visual Studio 2012
Project("{D954291E-2A0B-460D-934E-DC6B0785DB48}") = "sample", "sample\sample.shproj", "{608072A6-A687-4D13-946F-72E9F030C7B7}"
EndProject
Project("{FAE04EC0-301F-11D3-BF4B-00C04F79EFBC}") = "sample.iOS", "iOS\sample.iOS.csproj", "{9CEC364B-6144-479C-A673-CB19A3AC4827}"
EndProject
Project("{FAE04EC0-301F-11D3-BF4B-00C04F79EFBC}") = "sample.Droid", "Droid\sample.Droid.csproj", "{AEB1293F-FD36-4D98-99E3-616986DDBB44}"
EndProject
Global
	GlobalSection(SolutionConfigurationPlatforms) = preSolution
		Debug|iPhoneSimulator = Debug|iPhoneSimulator
		Release|iPhone = Release|iPhone
		Release|iPhoneSimulator = Release|iPhoneSimulator
		Debug|iPhone = Debug|iPhone
		Debug|Any CPU = Debug|Any CPU
		Release|Any CPU = Release|Any CPU
	EndGlobalSection
	GlobalSection(ProjectConfigurationPlatforms) = postSolution
		{9CEC364B-6144-479C-A673-CB19A3AC4827}.Debug|iPhoneSimulator.ActiveCfg = Debug|iPhoneSimulator
		{9CEC364B-6144-479C-A673-CB19A3AC4827}.Debug|iPhoneSimulator.Build.0 = Debug|iPhoneSimulator
		{9CEC364B-6144-479C-A673-CB19A3AC4827}.Release|iPhone.ActiveCfg = Release|iPhone
		{9CEC364B-6144-479C-A673-CB19A3AC4827}.Release|iPhone.Build.0 = Release|iPhone
		{9CEC364B-6144-479C-A673-CB19A3AC4827}.Release|iPhoneSimulator.ActiveCfg = Release|iPhoneSimulator
		{9CEC364B-6144-479C-A673-CB19A3AC4827}.Release|iPhoneSimulator.Build.0 = Release|iPhoneSimulator
		{9CEC364B-6144-479C-A673-CB19A3AC4827}.Debug|iPhone.ActiveCfg = Debug|iPhone
		{9CEC364B-6144-479C-A673-CB19A3AC4827}.Debug|iPhone.Build.0 = Debug|iPhone
		{9CEC364B-6144-479C-A673-CB19A3AC4827}.Debug|Any CPU.ActiveCfg = Debug|iPhoneSimulator
		{9CEC364B-6144-479C-A673-CB19A3AC4827}.Debug|Any CPU.Build.0 = Debug|iPhoneSimulator
		{9CEC364B-6144-479C-A673-CB19A3AC4827}.Release|Any CPU.ActiveCfg = Release|iPhone
		{9CEC364B-6144-479C-A673-CB19A3AC4827}.Release|Any CPU.Build.0 = Release|iPhone
		{AEB1293F-FD36-4D98-99E3-616986DDBB44}.Debug|iPhoneSimulator.ActiveCfg = Debug|Any CPU
		{AEB1293F-FD36-4D98-99E3-616986DDBB44}.Debug|iPhoneSimulator.Build.0 = Debug|Any CPU
		{AEB1293F-FD36-4D98-99E3-616986DDBB44}.Release|iPhone.ActiveCfg = Release|Any CPU
		{AEB1293F-FD36-4D98-99E3-616986DDBB44}.Release|iPhone.Build.0 = Release|Any CPU
		{AEB1293F-FD36-4D98-99E3-616986DDBB44}.Release|iPhoneSimulator.ActiveCfg = Release|Any CPU
		{AEB1293F-FD36-4D98-99E3-616986DDBB44}.Release|iPhoneSimulator.Build.0 = Release|Any CPU
		{AEB1293F-FD36-4D98-99E3-616986DDBB44}.Debug|iPhone.ActiveCfg = Debug|Any CPU
		{AEB1293F-FD36-4D98-99E3-616986DDBB44}.Debug|iPhone.Build.0 = Debug|Any CPU
		{AEB1293F-FD36-4D98-99E3-616986DDBB44}.Debug|Any CPU.ActiveCfg = Debug|Any CPU
		{AEB1293F-FD36-4D98-99E3-616986DDBB44}.Debug|Any CPU.Build.0 = Debug|Any CPU
		{AEB1293F-FD36-4D98-99E3-616986DDBB44}.Release|Any CPU.ActiveCfg = Release|Any CPU
		{AEB1293F-FD36-4D98-99E3-616986DDBB44}.Release|Any CPU.Build.0 = Release|Any CPU
	EndGlobalSection
EndGlobal
