
Microsoft Visual Studio Solution File, Format Version 12.00
# Visual Studio 2012
Project("{D954291E-2A0B-460D-934E-DC6B0785DB48}") = "sample", "sample\sample.shproj", "{EBA82D29-64B8-4709-86D3-98A49E67639F}"
EndProject
Project("{FAE04EC0-301F-11D3-BF4B-00C04F79EFBC}") = "sample.iOS", "iOS\sample.iOS.csproj", "{7F0E5394-A40F-4A3C-9964-72475AB7D098}"
EndProject
Project("{FAE04EC0-301F-11D3-BF4B-00C04F79EFBC}") = "sample.Droid", "Droid\sample.Droid.csproj", "{6818CF57-CD54-4BD8-8C17-615725FFC86D}"
EndProject
Global
	GlobalSection(SolutionConfigurationPlatforms) = preSolution
		Debug|iPhoneSimulator = Debug|iPhoneSimulator
		Release|iPhone = Release|iPhone
		Release|iPhoneSimulator = Release|iPhoneSimulator
		Debug|iPhone = Debug|iPhone
		Debug|Any CPU = Debug|Any CPU
		Release|Any CPU = Release|Any CPU
	EndGlobalSection
	GlobalSection(ProjectConfigurationPlatforms) = postSolution
		{7F0E5394-A40F-4A3C-9964-72475AB7D098}.Debug|iPhoneSimulator.ActiveCfg = Debug|iPhoneSimulator
		{7F0E5394-A40F-4A3C-9964-72475AB7D098}.Debug|iPhoneSimulator.Build.0 = Debug|iPhoneSimulator
		{7F0E5394-A40F-4A3C-9964-72475AB7D098}.Release|iPhone.ActiveCfg = Release|iPhone
		{7F0E5394-A40F-4A3C-9964-72475AB7D098}.Release|iPhone.Build.0 = Release|iPhone
		{7F0E5394-A40F-4A3C-9964-72475AB7D098}.Release|iPhoneSimulator.ActiveCfg = Release|iPhoneSimulator
		{7F0E5394-A40F-4A3C-9964-72475AB7D098}.Release|iPhoneSimulator.Build.0 = Release|iPhoneSimulator
		{7F0E5394-A40F-4A3C-9964-72475AB7D098}.Debug|iPhone.ActiveCfg = Debug|iPhone
		{7F0E5394-A40F-4A3C-9964-72475AB7D098}.Debug|iPhone.Build.0 = Debug|iPhone
		{7F0E5394-A40F-4A3C-9964-72475AB7D098}.Debug|Any CPU.ActiveCfg = Debug|iPhoneSimulator
		{7F0E5394-A40F-4A3C-9964-72475AB7D098}.Debug|Any CPU.Build.0 = Debug|iPhoneSimulator
		{7F0E5394-A40F-4A3C-9964-72475AB7D098}.Release|Any CPU.ActiveCfg = Release|iPhone
		{7F0E5394-A40F-4A3C-9964-72475AB7D098}.Release|Any CPU.Build.0 = Release|iPhone
		{6818CF57-CD54-4BD8-8C17-615725FFC86D}.Debug|iPhoneSimulator.ActiveCfg = Debug|Any CPU
		{6818CF57-CD54-4BD8-8C17-615725FFC86D}.Debug|iPhoneSimulator.Build.0 = Debug|Any CPU
		{6818CF57-CD54-4BD8-8C17-615725FFC86D}.Release|iPhone.ActiveCfg = Release|Any CPU
		{6818CF57-CD54-4BD8-8C17-615725FFC86D}.Release|iPhone.Build.0 = Release|Any CPU
		{6818CF57-CD54-4BD8-8C17-615725FFC86D}.Release|iPhoneSimulator.ActiveCfg = Release|Any CPU
		{6818CF57-CD54-4BD8-8C17-615725FFC86D}.Release|iPhoneSimulator.Build.0 = Release|Any CPU
		{6818CF57-CD54-4BD8-8C17-615725FFC86D}.Debug|iPhone.ActiveCfg = Debug|Any CPU
		{6818CF57-CD54-4BD8-8C17-615725FFC86D}.Debug|iPhone.Build.0 = Debug|Any CPU
		{6818CF57-CD54-4BD8-8C17-615725FFC86D}.Debug|Any CPU.ActiveCfg = Debug|Any CPU
		{6818CF57-CD54-4BD8-8C17-615725FFC86D}.Debug|Any CPU.Build.0 = Debug|Any CPU
		{6818CF57-CD54-4BD8-8C17-615725FFC86D}.Release|Any CPU.ActiveCfg = Release|Any CPU
		{6818CF57-CD54-4BD8-8C17-615725FFC86D}.Release|Any CPU.Build.0 = Release|Any CPU
	EndGlobalSection
EndGlobal
